# This file is autogenerated, do not edit; changes may be undone by the next 'dep ensure'.


[[projects]]
  name = "github.com/konsorten/go-windows-terminal-sequences"
  packages = ["."]
  revision = "5c8c8bd35d3832f5d134ae1e1e375b69a4d25242"
  version = "v1.0.1"

[[projects]]
  name = "github.com/mattn/go-runewidth"
  packages = ["."]
  revision = "9e777a8366cce605130a531d2cd6363d07ad7317"
  version = "v0.0.2"

[[projects]]
  branch = "master"
  name = "github.com/nsf/termbox-go"
  packages = ["."]
  revision = "aa4a75b1c20a2b03751b1a9f7e41d58bd6f71c43"

[[projects]]
  name = "github.com/sirupsen/logrus"
  packages = ["."]
  revision = "ad15b42461921f1fb3529b058c6786c6a45d5162"
  version = "v1.1.1"

[[projects]]
  branch = "master"
  name = "golang.org/x/crypto"
  packages = ["ssh/terminal"]
  revision = "e84da0312774c21d64ee2317962ef669b27ffb41"

[[projects]]
  branch = "master"
  name = "golang.org/x/sys"
  packages = [
    "unix",
    "windows"
  ]
  revision = "2772b66316d2c587efeb188dcd5ebc6987656e84"

[solve-meta]
  analyzer-name = "dep"
  analyzer-version = 1
  inputs-digest = "7bf770ec0d92e902e68d051e318a028c220aced983f7aed6e7b4e6bad7bcbee0"
  solver-name = "gps-cdcl"
  solver-version = 1
